
Microsoft Visual Studio Solution File, Format Version 12.00
# Visual Studio 15
VisualStudioVersion = 15.0.27130.2020
MinimumVisualStudioVersion = 10.0.40219.1
Project("{FAE04EC0-301F-11D3-BF4B-00C04F79EFBC}") = "reentry bank", "reentry bank\reentry bank.csproj", "{05777E38-DB77-4C87-B239-4114406745BB}"
EndProject
Global
	GlobalSection(SolutionConfigurationPlatforms) = preSolution
		Debug|Any CPU = Debug|Any CPU
		Release|Any CPU = Release|Any CPU
	EndGlobalSection
	GlobalSection(ProjectConfigurationPlatforms) = postSolution
		{05777E38-DB77-4C87-B239-4114406745BB}.Debug|Any CPU.ActiveCfg = Debug|Any CPU
		{05777E38-DB77-4C87-B239-4114406745BB}.Debug|Any CPU.Build.0 = Debug|Any CPU
		{05777E38-DB77-4C87-B239-4114406745BB}.Release|Any CPU.ActiveCfg = Release|Any CPU
		{05777E38-DB77-4C87-B239-4114406745BB}.Release|Any CPU.Build.0 = Release|Any CPU
	EndGlobalSection
	GlobalSection(SolutionProperties) = preSolution
		HideSolutionNode = FALSE
	EndGlobalSection
	GlobalSection(ExtensibilityGlobals) = postSolution
		SolutionGuid = {B296FA75-CEF1-4955-8700-D8AB6575AB92}
	EndGlobalSection
EndGlobal
